
Microsoft Visual Studio Solution File, Format Version 12.00
# Visual Studio Version 16
VisualStudioVersion = 16.0.30717.126
MinimumVisualStudioVersion = 10.0.40219.1
Project("{9A19103F-16F7-4668-BE54-9A1E7A4F7556}") = "AntX", "AntX\AntX.csproj", "{39949612-C776-466A-807F-E7033D484FC5}"
EndProject
Global
	GlobalSection(SolutionConfigurationPlatforms) = preSolution
		Debug|Any CPU = Debug|Any CPU
		Release|Any CPU = Release|Any CPU
	EndGlobalSection
	GlobalSection(ProjectConfigurationPlatforms) = postSolution
		{39949612-C776-466A-807F-E7033D484FC5}.Debug|Any CPU.ActiveCfg = Debug|Any CPU
		{39949612-C776-466A-807F-E7033D484FC5}.Debug|Any CPU.Build.0 = Debug|Any CPU
		{39949612-C776-466A-807F-E7033D484FC5}.Release|Any CPU.ActiveCfg = Release|Any CPU
		{39949612-C776-466A-807F-E7033D484FC5}.Release|Any CPU.Build.0 = Release|Any CPU
	EndGlobalSection
	GlobalSection(SolutionProperties) = preSolution
		HideSolutionNode = FALSE
	EndGlobalSection
	GlobalSection(ExtensibilityGlobals) = postSolution
		SolutionGuid = {4A73D554-CFC4-469C-99A4-54C3C4014AC0}
	EndGlobalSection
EndGlobal
