
Microsoft Visual Studio Solution File, Format Version 12.00
# Visual Studio Version 16
VisualStudioVersion = 16.0.30717.126
MinimumVisualStudioVersion = 10.0.40219.1
Project("{FAE04EC0-301F-11D3-BF4B-00C04F79EFBC}") = "Rally.Core", "Rally.Core\Rally.Core.csproj", "{4326CF27-CFE1-4661-8039-372CDD2BA31B}"
EndProject
Project("{FAE04EC0-301F-11D3-BF4B-00C04F79EFBC}") = "Rally.TestingHost", "Rally.TestingHost\Rally.TestingHost.csproj", "{0B54585C-8A6E-4190-AA3F-E25E97F0BE25}"
EndProject
Global
	GlobalSection(SolutionConfigurationPlatforms) = preSolution
		Debug|Any CPU = Debug|Any CPU
		Release|Any CPU = Release|Any CPU
	EndGlobalSection
	GlobalSection(ProjectConfigurationPlatforms) = postSolution
		{4326CF27-CFE1-4661-8039-372CDD2BA31B}.Debug|Any CPU.ActiveCfg = Debug|Any CPU
		{4326CF27-CFE1-4661-8039-372CDD2BA31B}.Debug|Any CPU.Build.0 = Debug|Any CPU
		{4326CF27-CFE1-4661-8039-372CDD2BA31B}.Release|Any CPU.ActiveCfg = Release|Any CPU
		{4326CF27-CFE1-4661-8039-372CDD2BA31B}.Release|Any CPU.Build.0 = Release|Any CPU
		{0B54585C-8A6E-4190-AA3F-E25E97F0BE25}.Debug|Any CPU.ActiveCfg = Debug|Any CPU
		{0B54585C-8A6E-4190-AA3F-E25E97F0BE25}.Debug|Any CPU.Build.0 = Debug|Any CPU
		{0B54585C-8A6E-4190-AA3F-E25E97F0BE25}.Release|Any CPU.ActiveCfg = Release|Any CPU
		{0B54585C-8A6E-4190-AA3F-E25E97F0BE25}.Release|Any CPU.Build.0 = Release|Any CPU
	EndGlobalSection
	GlobalSection(SolutionProperties) = preSolution
		HideSolutionNode = FALSE
	EndGlobalSection
	GlobalSection(ExtensibilityGlobals) = postSolution
		SolutionGuid = {55AA8EEA-1659-4221-9AC9-4ADB7D802DE9}
	EndGlobalSection
EndGlobal
